// !$*UTF8*$!
{
	archiveVersion = 1;
	classes = {
	};
	objectVersion = 46;
	objects = {

/* Begin PBXBuildFile section */
		E44F7E281DA55C19008AE8EB /* AppDelegate.swift in Sources */ = {isa = PBXBuildFile; fileRef = E44F7E271DA55C19008AE8EB /* AppDelegate.swift */; };
		E44F7E2A1DA55C19008AE8EB /* ViewController.swift in Sources */ = {isa = PBXBuildFile; fileRef = E44F7E291DA55C19008AE8EB /* ViewController.swift */; };
		E44F7E2D1DA55C19008AE8EB /* Main.storyboard in Resources */ = {isa = PBXBuildFile; fileRef = E44F7E2B1DA55C19008AE8EB /* Main.storyboard */; };
		E44F7E2F1DA55C19008AE8EB /* Assets.xcassets in Resources */ = {isa = PBXBuildFile; fileRef = E44F7E2E1DA55C19008AE8EB /* Assets.xcassets */; };
		E44F7E321DA55C19008AE8EB /* LaunchScreen.storyboard in Resources */ = {isa = PBXBuildFile; fileRef = E44F7E301DA55C19008AE8EB /* LaunchScreen.storyboard */; };
		E44F7E3D1DA55C19008AE8EB /* AustinPowersSoundboardTests.swift in Sources */ = {isa = PBXBuildFile; fileRef = E44F7E3C1DA55C19008AE8EB /* AustinPowersSoundboardTests.swift */; };
		E44F7E481DA55C1A008AE8EB /* AustinPowersSoundboardUITests.swift in Sources */ = {isa = PBXBuildFile; fileRef = E44F7E471DA55C1A008AE8EB /* AustinPowersSoundboardUITests.swift */; };
		E44F7E581DA55C52008AE8EB /* Groovy.ttf in Resources */ = {isa = PBXBuildFile; fileRef = E44F7E571DA55C52008AE8EB /* Groovy.ttf */; };
		E44F7E5F1DA55C7B008AE8EB /* groovy-baby.mp3 in Resources */ = {isa = PBXBuildFile; fileRef = E44F7E591DA55C7B008AE8EB /* groovy-baby.mp3 */; };
		E44F7E601DA55C7B008AE8EB /* i-ate-a-baby.mp3 in Resources */ = {isa = PBXBuildFile; fileRef = E44F7E5A1DA55C7B008AE8EB /* i-ate-a-baby.mp3 */; };
		E44F7E611DA55C7B008AE8EB /* myself.mp3 in Resources */ = {isa = PBXBuildFile; fileRef = E44F7E5B1DA55C7B008AE8EB /* myself.mp3 */; };
		E44F7E621DA55C7B008AE8EB /* oh-behave.mp3 in Resources */ = {isa = PBXBuildFile; fileRef = E44F7E5C1DA55C7B008AE8EB /* oh-behave.mp3 */; };
		E44F7E631DA55C7B008AE8EB /* smashingbaby.mp3 in Resources */ = {isa = PBXBuildFile; fileRef = E44F7E5D1DA55C7B008AE8EB /* smashingbaby.mp3 */; };
		E44F7E641DA55C7B008AE8EB /* yababy.mp3 in Resources */ = {isa = PBXBuildFile; fileRef = E44F7E5E1DA55C7B008AE8EB /* yababy.mp3 */; };
		E44F7E671DA55CD5008AE8EB /* AVFoundation.framework in Frameworks */ = {isa = PBXBuildFile; fileRef = E44F7E661DA55CD5008AE8EB /* AVFoundation.framework */; };
/* End PBXBuildFile section */

/* Begin PBXContainerItemProxy section */
		E44F7E391DA55C19008AE8EB /* PBXContainerItemProxy */ = {
			isa = PBXContainerItemProxy;
			containerPortal = E44F7E1C1DA55C19008AE8EB /* Project object */;
			proxyType = 1;
			remoteGlobalIDString = E44F7E231DA55C19008AE8EB;
			remoteInfo = AustinPowersSoundboard;
		};
		E44F7E441DA55C1A008AE8EB /* PBXContainerItemProxy */ = {
			isa = PBXContainerItemProxy;
			containerPortal = E44F7E1C1DA55C19008AE8EB /* Project object */;
			proxyType = 1;
			remoteGlobalIDString = E44F7E231DA55C19008AE8EB;
			remoteInfo = AustinPowersSoundboard;
		};
/* End PBXContainerItemProxy section */

/* Begin PBXFileReference section */
		E44F7E241DA55C19008AE8EB /* AustinPowersSoundboard.app */ = {isa = PBXFileReference; explicitFileType = wrapper.application; includeInIndex = 0; path = AustinPowersSoundboard.app; sourceTree = BUILT_PRODUCTS_DIR; };
		E44F7E271DA55C19008AE8EB /* AppDelegate.swift */ = {isa = PBXFileReference; lastKnownFileType = sourcecode.swift; path = AppDelegate.swift; sourceTree = "<group>"; };
		E44F7E291DA55C19008AE8EB /* ViewController.swift */ = {isa = PBXFileReference; lastKnownFileType = sourcecode.swift; path = ViewController.swift; sourceTree = "<group>"; };
		E44F7E2C1DA55C19008AE8EB /* Base */ = {isa = PBXFileReference; lastKnownFileType = file.storyboard; name = Base; path = Base.lproj/Main.storyboard; sourceTree = "<group>"; };
		E44F7E2E1DA55C19008AE8EB /* Assets.xcassets */ = {isa = PBXFileReference; lastKnownFileType = folder.assetcatalog; path = Assets.xcassets; sourceTree = "<group>"; };
		E44F7E311DA55C19008AE8EB /* Base */ = {isa = PBXFileReference; lastKnownFileType = file.storyboard; name = Base; path = Base.lproj/LaunchScreen.storyboard; sourceTree = "<group>"; };
		E44F7E331DA55C19008AE8EB /* Info.plist */ = {isa = PBXFileReference; lastKnownFileType = text.plist.xml; path = Info.plist; sourceTree = "<group>"; };
		E44F7E381DA55C19008AE8EB /* AustinPowersSoundboardTests.xctest */ = {isa = PBXFileReference; explicitFileType = wrapper.cfbundle; includeInIndex = 0; path = AustinPowersSoundboardTests.xctest; sourceTree = BUILT_PRODUCTS_DIR; };
		E44F7E3C1DA55C19008AE8EB /* AustinPowersSoundboardTests.swift */ = {isa = PBXFileReference; lastKnownFileType = sourcecode.swift; path = AustinPowersSoundboardTests.swift; sourceTree = "<group>"; };
		E44F7E3E1DA55C19008AE8EB /* Info.plist */ = {isa = PBXFileReference; lastKnownFileType = text.plist.xml; path = Info.plist; sourceTree = "<group>"; };
		E44F7E431DA55C1A008AE8EB /* AustinPowersSoundboardUITests.xctest */ = {isa = PBXFileReference; explicitFileType = wrapper.cfbundle; includeInIndex = 0; path = AustinPowersSoundboardUITests.xctest; sourceTree = BUILT_PRODUCTS_DIR; };
		E44F7E471DA55C1A008AE8EB /* AustinPowersSoundboardUITests.swift */ = {isa = PBXFileReference; lastKnownFileType = sourcecode.swift; path = AustinPowersSoundboardUITests.swift; sourceTree = "<group>"; };
		E44F7E491DA55C1A008AE8EB /* Info.plist */ = {isa = PBXFileReference; lastKnownFileType = text.plist.xml; path = Info.plist; sourceTree = "<group>"; };
		E44F7E571DA55C52008AE8EB /* Groovy.ttf */ = {isa = PBXFileReference; lastKnownFileType = file; path = Groovy.ttf; sourceTree = "<group>"; };
		E44F7E591DA55C7B008AE8EB /* groovy-baby.mp3 */ = {isa = PBXFileReference; lastKnownFileType = audio.mp3; path = "groovy-baby.mp3"; sourceTree = "<group>"; };
		E44F7E5A1DA55C7B008AE8EB /* i-ate-a-baby.mp3 */ = {isa = PBXFileReference; lastKnownFileType = audio.mp3; path = "i-ate-a-baby.mp3"; sourceTree = "<group>"; };
		E44F7E5B1DA55C7B008AE8EB /* myself.mp3 */ = {isa = PBXFileReference; lastKnownFileType = audio.mp3; path = myself.mp3; sourceTree = "<group>"; };
		E44F7E5C1DA55C7B008AE8EB /* oh-behave.mp3 */ = {isa = PBXFileReference; lastKnownFileType = audio.mp3; path = "oh-behave.mp3"; sourceTree = "<group>"; };
		E44F7E5D1DA55C7B008AE8EB /* smashingbaby.mp3 */ = {isa = PBXFileReference; lastKnownFileType = audio.mp3; path = smashingbaby.mp3; sourceTree = "<group>"; };
		E44F7E5E1DA55C7B008AE8EB /* yababy.mp3 */ = {isa = PBXFileReference; lastKnownFileType = audio.mp3; path = yababy.mp3; sourceTree = "<group>"; };
		E44F7E661DA55CD5008AE8EB /* AVFoundation.framework */ = {isa = PBXFileReference; lastKnownFileType = wrapper.framework; name = AVFoundation.framework; path = System/Library/Frameworks/AVFoundation.framework; sourceTree = SDKROOT; };
/* End PBXFileReference section */

/* Begin PBXFrameworksBuildPhase section */
		E44F7E211DA55C19008AE8EB /* Frameworks */ = {
			isa = PBXFrameworksBuildPhase;
			buildActionMask = 2147483647;
			files = (
				E44F7E671DA55CD5008AE8EB /* AVFoundation.framework in Frameworks */,
			);
			runOnlyForDeploymentPostprocessing = 0;
		};
		E44F7E351DA55C19008AE8EB /* Frameworks */ = {
			isa = PBXFrameworksBuildPhase;
			buildActionMask = 2147483647;
			files = (
			);
			runOnlyForDeploymentPostprocessing = 0;
		};
		E44F7E401DA55C1A008AE8EB /* Frameworks */ = {
			isa = PBXFrameworksBuildPhase;
			buildActionMask = 2147483647;
			files = (
			);
			runOnlyForDeploymentPostprocessing = 0;
		};
/* End PBXFrameworksBuildPhase section */

/* Begin PBXGroup section */
		E44F7E1B1DA55C19008AE8EB = {
			isa = PBXGroup;
			children = (
				E44F7E261DA55C19008AE8EB /* AustinPowersSoundboard */,
				E44F7E3B1DA55C19008AE8EB /* AustinPowersSoundboardTests */,
				E44F7E461DA55C1A008AE8EB /* AustinPowersSoundboardUITests */,
				E44F7E251DA55C19008AE8EB /* Products */,
				E44F7E651DA55CD5008AE8EB /* Frameworks */,
			);
			sourceTree = "<group>";
		};
		E44F7E251DA55C19008AE8EB /* Products */ = {
			isa = PBXGroup;
			children = (
				E44F7E241DA55C19008AE8EB /* AustinPowersSoundboard.app */,
				E44F7E381DA55C19008AE8EB /* AustinPowersSoundboardTests.xctest */,
				E44F7E431DA55C1A008AE8EB /* AustinPowersSoundboardUITests.xctest */,
			);
			name = Products;
			sourceTree = "<group>";
		};
		E44F7E261DA55C19008AE8EB /* AustinPowersSoundboard */ = {
			isa = PBXGroup;
			children = (
				E44F7E561DA55C43008AE8EB /* Fonts */,
				E44F7E551DA55C3A008AE8EB /* Sounds */,
				E44F7E271DA55C19008AE8EB /* AppDelegate.swift */,
				E44F7E291DA55C19008AE8EB /* ViewController.swift */,
				E44F7E2B1DA55C19008AE8EB /* Main.storyboard */,
				E44F7E2E1DA55C19008AE8EB /* Assets.xcassets */,
				E44F7E301DA55C19008AE8EB /* LaunchScreen.storyboard */,
				E44F7E331DA55C19008AE8EB /* Info.plist */,
			);
			path = AustinPowersSoundboard;
			sourceTree = "<group>";
		};
		E44F7E3B1DA55C19008AE8EB /* AustinPowersSoundboardTests */ = {
			isa = PBXGroup;
			children = (
				E44F7E3C1DA55C19008AE8EB /* AustinPowersSoundboardTests.swift */,
				E44F7E3E1DA55C19008AE8EB /* Info.plist */,
			);
			path = AustinPowersSoundboardTests;
			sourceTree = "<group>";
		};
		E44F7E461DA55C1A008AE8EB /* AustinPowersSoundboardUITests */ = {
			isa = PBXGroup;
			children = (
				E44F7E471DA55C1A008AE8EB /* AustinPowersSoundboardUITests.swift */,
				E44F7E491DA55C1A008AE8EB /* Info.plist */,
			);
			path = AustinPowersSoundboardUITests;
			sourceTree = "<group>";
		};
		E44F7E551DA55C3A008AE8EB /* Sounds */ = {
			isa = PBXGroup;
			children = (
				E44F7E591DA55C7B008AE8EB /* groovy-baby.mp3 */,
				E44F7E5A1DA55C7B008AE8EB /* i-ate-a-baby.mp3 */,
				E44F7E5B1DA55C7B008AE8EB /* myself.mp3 */,
				E44F7E5C1DA55C7B008AE8EB /* oh-behave.mp3 */,
				E44F7E5D1DA55C7B008AE8EB /* smashingbaby.mp3 */,
				E44F7E5E1DA55C7B008AE8EB /* yababy.mp3 */,
			);
			name = Sounds;
			sourceTree = "<group>";
		};
		E44F7E561DA55C43008AE8EB /* Fonts */ = {
			isa = PBXGroup;
			children = (
				E44F7E571DA55C52008AE8EB /* Groovy.ttf */,
			);
			name = Fonts;
			sourceTree = "<group>";
		};
		E44F7E651DA55CD5008AE8EB /* Frameworks */ = {
			isa = PBXGroup;
			children = (
				E44F7E661DA55CD5008AE8EB /* AVFoundation.framework */,
			);
			name = Frameworks;
			sourceTree = "<group>";
		};
/* End PBXGroup section */

/* Begin PBXNativeTarget section */
		E44F7E231DA55C19008AE8EB /* AustinPowersSoundboard */ = {
			isa = PBXNativeTarget;
			buildConfigurationList = E44F7E4C1DA55C1A008AE8EB /* Build configuration list for PBXNativeTarget "AustinPowersSoundboard" */;
			buildPhases = (
				E44F7E201DA55C19008AE8EB /* Sources */,
				E44F7E211DA55C19008AE8EB /* Frameworks */,
				E44F7E221DA55C19008AE8EB /* Resources */,
			);
			buildRules = (
			);
			dependencies = (
			);
			name = AustinPowersSoundboard;
			productName = AustinPowersSoundboard;
			productReference = E44F7E241DA55C19008AE8EB /* AustinPowersSoundboard.app */;
			productType = "com.apple.product-type.application";
		};
		E44F7E371DA55C19008AE8EB /* AustinPowersSoundboardTests */ = {
			isa = PBXNativeTarget;
			buildConfigurationList = E44F7E4F1DA55C1A008AE8EB /* Build configuration list for PBXNativeTarget "AustinPowersSoundboardTests" */;
			buildPhases = (
				E44F7E341DA55C19008AE8EB /* Sources */,
				E44F7E351DA55C19008AE8EB /* Frameworks */,
				E44F7E361DA55C19008AE8EB /* Resources */,
			);
			buildRules = (
			);
			dependencies = (
				E44F7E3A1DA55C19008AE8EB /* PBXTargetDependency */,
			);
			name = AustinPowersSoundboardTests;
			productName = AustinPowersSoundboardTests;
			productReference = E44F7E381DA55C19008AE8EB /* AustinPowersSoundboardTests.xctest */;
			productType = "com.apple.product-type.bundle.unit-test";
		};
		E44F7E421DA55C1A008AE8EB /* AustinPowersSoundboardUITests */ = {
			isa = PBXNativeTarget;
			buildConfigurationList = E44F7E521DA55C1A008AE8EB /* Build configuration list for PBXNativeTarget "AustinPowersSoundboardUITests" */;
			buildPhases = (
				E44F7E3F1DA55C1A008AE8EB /* Sources */,
				E44F7E401DA55C1A008AE8EB /* Frameworks */,
				E44F7E411DA55C1A008AE8EB /* Resources */,
			);
			buildRules = (
			);
			dependencies = (
				E44F7E451DA55C1A008AE8EB /* PBXTargetDependency */,
			);
			name = AustinPowersSoundboardUITests;
			productName = AustinPowersSoundboardUITests;
			productReference = E44F7E431DA55C1A008AE8EB /* AustinPowersSoundboardUITests.xctest */;
			productType = "com.apple.product-type.bundle.ui-testing";
		};
/* End PBXNativeTarget section */

/* Begin PBXProject section */
		E44F7E1C1DA55C19008AE8EB /* Project object */ = {
			isa = PBXProject;
			attributes = {
				LastSwiftUpdateCheck = 0800;
				LastUpgradeCheck = 0800;
				ORGANIZATIONNAME = "Shane Noonan";
				TargetAttributes = {
					E44F7E231DA55C19008AE8EB = {
						CreatedOnToolsVersion = 8.0;
						ProvisioningStyle = Automatic;
					};
					E44F7E371DA55C19008AE8EB = {
						CreatedOnToolsVersion = 8.0;
						ProvisioningStyle = Automatic;
						TestTargetID = E44F7E231DA55C19008AE8EB;
					};
					E44F7E421DA55C1A008AE8EB = {
						CreatedOnToolsVersion = 8.0;
						ProvisioningStyle = Automatic;
						TestTargetID = E44F7E231DA55C19008AE8EB;
					};
				};
			};
			buildConfigurationList = E44F7E1F1DA55C19008AE8EB /* Build configuration list for PBXProject "AustinPowersSoundboard" */;
			compatibilityVersion = "Xcode 3.2";
			developmentRegion = English;
			hasScannedForEncodings = 0;
			knownRegions = (
				en,
				Base,
			);
			mainGroup = E44F7E1B1DA55C19008AE8EB;
			productRefGroup = E44F7E251DA55C19008AE8EB /* Products */;
			projectDirPath = "";
			projectRoot = "";
			targets = (
				E44F7E231DA55C19008AE8EB /* AustinPowersSoundboard */,
				E44F7E371DA55C19008AE8EB /* AustinPowersSoundboardTests */,
				E44F7E421DA55C1A008AE8EB /* AustinPowersSoundboardUITests */,
			);
		};
/* End PBXProject section */

/* Begin PBXResourcesBuildPhase section */
		E44F7E221DA55C19008AE8EB /* Resources */ = {
			isa = PBXResourcesBuildPhase;
			buildActionMask = 2147483647;
			files = (
				E44F7E581DA55C52008AE8EB /* Groovy.ttf in Resources */,
				E44F7E321DA55C19008AE8EB /* LaunchScreen.storyboard in Resources */,
				E44F7E621DA55C7B008AE8EB /* oh-behave.mp3 in Resources */,
				E44F7E5F1DA55C7B008AE8EB /* groovy-baby.mp3 in Resources */,
				E44F7E631DA55C7B008AE8EB /* smashingbaby.mp3 in Resources */,
				E44F7E611DA55C7B008AE8EB /* myself.mp3 in Resources */,
				E44F7E2F1DA55C19008AE8EB /* Assets.xcassets in Resources */,
				E44F7E2D1DA55C19008AE8EB /* Main.storyboard in Resources */,
				E44F7E641DA55C7B008AE8EB /* yababy.mp3 in Resources */,
				E44F7E601DA55C7B008AE8EB /* i-ate-a-baby.mp3 in Resources */,
			);
			runOnlyForDeploymentPostprocessing = 0;
		};
		E44F7E361DA55C19008AE8EB /* Resources */ = {
			isa = PBXResourcesBuildPhase;
			buildActionMask = 2147483647;
			files = (
			);
			runOnlyForDeploymentPostprocessing = 0;
		};
		E44F7E411DA55C1A008AE8EB /* Resources */ = {
			isa = PBXResourcesBuildPhase;
			buildActionMask = 2147483647;
			files = (
			);
			runOnlyForDeploymentPostprocessing = 0;
		};
/* End PBXResourcesBuildPhase section */

/* Begin PBXSourcesBuildPhase section */
		E44F7E201DA55C19008AE8EB /* Sources */ = {
			isa = PBXSourcesBuildPhase;
			buildActionMask = 2147483647;
			files = (
				E44F7E2A1DA55C19008AE8EB /* ViewController.swift in Sources */,
				E44F7E281DA55C19008AE8EB /* AppDelegate.swift in Sources */,
			);
			runOnlyForDeploymentPostprocessing = 0;
		};
		E44F7E341DA55C19008AE8EB /* Sources */ = {
			isa = PBXSourcesBuildPhase;
			buildActionMask = 2147483647;
			files = (
				E44F7E3D1DA55C19008AE8EB /* AustinPowersSoundboardTests.swift in Sources */,
			);
			runOnlyForDeploymentPostprocessing = 0;
		};
		E44F7E3F1DA55C1A008AE8EB /* Sources */ = {
			isa = PBXSourcesBuildPhase;
			buildActionMask = 2147483647;
			files = (
				E44F7E481DA55C1A008AE8EB /* AustinPowersSoundboardUITests.swift in Sources */,
			);
			runOnlyForDeploymentPostprocessing = 0;
		};
/* End PBXSourcesBuildPhase section */

/* Begin PBXTargetDependency section */
		E44F7E3A1DA55C19008AE8EB /* PBXTargetDependency */ = {
			isa = PBXTargetDependency;
			target = E44F7E231DA55C19008AE8EB /* AustinPowersSoundboard */;
			targetProxy = E44F7E391DA55C19008AE8EB /* PBXContainerItemProxy */;
		};
		E44F7E451DA55C1A008AE8EB /* PBXTargetDependency */ = {
			isa = PBXTargetDependency;
			target = E44F7E231DA55C19008AE8EB /* AustinPowersSoundboard */;
			targetProxy = E44F7E441DA55C1A008AE8EB /* PBXContainerItemProxy */;
		};
/* End PBXTargetDependency section */

/* Begin PBXVariantGroup section */
		E44F7E2B1DA55C19008AE8EB /* Main.storyboard */ = {
			isa = PBXVariantGroup;
			children = (
				E44F7E2C1DA55C19008AE8EB /* Base */,
			);
			name = Main.storyboard;
			sourceTree = "<group>";
		};
		E44F7E301DA55C19008AE8EB /* LaunchScreen.storyboard */ = {
			isa = PBXVariantGroup;
			children = (
				E44F7E311DA55C19008AE8EB /* Base */,
			);
			name = LaunchScreen.storyboard;
			sourceTree = "<group>";
		};
/* End PBXVariantGroup section */

/* Begin XCBuildConfiguration section */
		E44F7E4A1DA55C1A008AE8EB /* Debug */ = {
			isa = XCBuildConfiguration;
			buildSettings = {
				ALWAYS_SEARCH_USER_PATHS = NO;
				CLANG_ANALYZER_NONNULL = YES;
				CLANG_CXX_LANGUAGE_STANDARD = "gnu++0x";
				CLANG_CXX_LIBRARY = "libc++";
				CLANG_ENABLE_MODULES = YES;
				CLANG_ENABLE_OBJC_ARC = YES;
				CLANG_WARN_BOOL_CONVERSION = YES;
				CLANG_WARN_CONSTANT_CONVERSION = YES;
				CLANG_WARN_DIRECT_OBJC_ISA_USAGE = YES_ERROR;
				CLANG_WARN_DOCUMENTATION_COMMENTS = YES;
				CLANG_WARN_EMPTY_BODY = YES;
				CLANG_WARN_ENUM_CONVERSION = YES;
				CLANG_WARN_INFINITE_RECURSION = YES;
				CLANG_WARN_INT_CONVERSION = YES;
				CLANG_WARN_OBJC_ROOT_CLASS = YES_ERROR;
				CLANG_WARN_SUSPICIOUS_MOVES = YES;
				CLANG_WARN_UNREACHABLE_CODE = YES;
				CLANG_WARN__DUPLICATE_METHOD_MATCH = YES;
				"CODE_SIGN_IDENTITY[sdk=iphoneos*]" = "iPhone Developer";
				COPY_PHASE_STRIP = NO;
				DEBUG_INFORMATION_FORMAT = dwarf;
				ENABLE_STRICT_OBJC_MSGSEND = YES;
				ENABLE_TESTABILITY = YES;
				GCC_C_LANGUAGE_STANDARD = gnu99;
				GCC_DYNAMIC_NO_PIC = NO;
				GCC_NO_COMMON_BLOCKS = YES;
				GCC_OPTIMIZATION_LEVEL = 0;
				GCC_PREPROCESSOR_DEFINITIONS = (
					"DEBUG=1",
					"$(inherited)",
				);
				GCC_WARN_64_TO_32_BIT_CONVERSION = YES;
				GCC_WARN_ABOUT_RETURN_TYPE = YES_ERROR;
				GCC_WARN_UNDECLARED_SELECTOR = YES;
				GCC_WARN_UNINITIALIZED_AUTOS = YES_AGGRESSIVE;
				GCC_WARN_UNUSED_FUNCTION = YES;
				GCC_WARN_UNUSED_VARIABLE = YES;
				IPHONEOS_DEPLOYMENT_TARGET = 10.0;
				MTL_ENABLE_DEBUG_INFO = YES;
				ONLY_ACTIVE_ARCH = YES;
				SDKROOT = iphoneos;
				SWIFT_ACTIVE_COMPILATION_CONDITIONS = DEBUG;
				SWIFT_OPTIMIZATION_LEVEL = "-Onone";
			};
			name = Debug;
		};
		E44F7E4B1DA55C1A008AE8EB /* Release */ = {
			isa = XCBuildConfiguration;
			buildSettings = {
				ALWAYS_SEARCH_USER_PATHS = NO;
				CLANG_ANALYZER_NONNULL = YES;
				CLANG_CXX_LANGUAGE_STANDARD = "gnu++0x";
				CLANG_CXX_LIBRARY = "libc++";
				CLANG_ENABLE_MODULES = YES;
				CLANG_ENABLE_OBJC_ARC = YES;
				CLANG_WARN_BOOL_CONVERSION = YES;
				CLANG_WARN_CONSTANT_CONVERSION = YES;
				CLANG_WARN_DIRECT_OBJC_ISA_USAGE = YES_ERROR;
				CLANG_WARN_DOCUMENTATION_COMMENTS = YES;
				CLANG_WARN_EMPTY_BODY = YES;
				CLANG_WARN_ENUM_CONVERSION = YES;
				CLANG_WARN_INFINITE_RECURSION = YES;
				CLANG_WARN_INT_CONVERSION = YES;
				CLANG_WARN_OBJC_ROOT_CLASS = YES_ERROR;
				CLANG_WARN_SUSPICIOUS_MOVES = YES;
				CLANG_WARN_UNREACHABLE_CODE = YES;
				CLANG_WARN__DUPLICATE_METHOD_MATCH = YES;
				"CODE_SIGN_IDENTITY[sdk=iphoneos*]" = "iPhone Developer";
				COPY_PHASE_STRIP = NO;
				DEBUG_INFORMATION_FORMAT = "dwarf-with-dsym";
				ENABLE_NS_ASSERTIONS = NO;
				ENABLE_STRICT_OBJC_MSGSEND = YES;
				GCC_C_LANGUAGE_STANDARD = gnu99;
				GCC_NO_COMMON_BLOCKS = YES;
				GCC_WARN_64_TO_32_BIT_CONVERSION = YES;
				GCC_WARN_ABOUT_RETURN_TYPE = YES_ERROR;
				GCC_WARN_UNDECLARED_SELECTOR = YES;
				GCC_WARN_UNINITIALIZED_AUTOS = YES_AGGRESSIVE;
				GCC_WARN_UNUSED_FUNCTION = YES;
				GCC_WARN_UNUSED_VARIABLE = YES;
				IPHONEOS_DEPLOYMENT_TARGET = 10.0;
				MTL_ENABLE_DEBUG_INFO = NO;
				SDKROOT = iphoneos;
				SWIFT_OPTIMIZATION_LEVEL = "-Owholemodule";
				VALIDATE_PRODUCT = YES;
			};
			name = Release;
		};
		E44F7E4D1DA55C1A008AE8EB /* Debug */ = {
			isa = XCBuildConfiguration;
			buildSettings = {
				ASSETCATALOG_COMPILER_APPICON_NAME = AppIcon;
				INFOPLIST_FILE = AustinPowersSoundboard/Info.plist;
				LD_RUNPATH_SEARCH_PATHS = "$(inherited) @executable_path/Frameworks";
				PRODUCT_BUNDLE_IDENTIFIER = ShaneNoonan.AustinPowersSoundboard;
				PRODUCT_NAME = "$(TARGET_NAME)";
				SWIFT_VERSION = 3.0;
			};
			name = Debug;
		};
		E44F7E4E1DA55C1A008AE8EB /* Release */ = {
			isa = XCBuildConfiguration;
			buildSettings = {
				ASSETCATALOG_COMPILER_APPICON_NAME = AppIcon;
				INFOPLIST_FILE = AustinPowersSoundboard/Info.plist;
				LD_RUNPATH_SEARCH_PATHS = "$(inherited) @executable_path/Frameworks";
				PRODUCT_BUNDLE_IDENTIFIER = ShaneNoonan.AustinPowersSoundboard;
				PRODUCT_NAME = "$(TARGET_NAME)";
				SWIFT_VERSION = 3.0;
			};
			name = Release;
		};
		E44F7E501DA55C1A008AE8EB /* Debug */ = {
			isa = XCBuildConfiguration;
			buildSettings = {
				ALWAYS_EMBED_SWIFT_STANDARD_LIBRARIES = YES;
				BUNDLE_LOADER = "$(TEST_HOST)";
				INFOPLIST_FILE = AustinPowersSoundboardTests/Info.plist;
				LD_RUNPATH_SEARCH_PATHS = "$(inherited) @executable_path/Frameworks @loader_path/Frameworks";
				PRODUCT_BUNDLE_IDENTIFIER = ShaneNoonan.AustinPowersSoundboardTests;
				PRODUCT_NAME = "$(TARGET_NAME)";
				SWIFT_VERSION = 3.0;
				TEST_HOST = "$(BUILT_PRODUCTS_DIR)/AustinPowersSoundboard.app/AustinPowersSoundboard";
			};
			name = Debug;
		};
		E44F7E511DA55C1A008AE8EB /* Release */ = {
			isa = XCBuildConfiguration;
			buildSettings = {
				ALWAYS_EMBED_SWIFT_STANDARD_LIBRARIES = YES;
				BUNDLE_LOADER = "$(TEST_HOST)";
				INFOPLIST_FILE = AustinPowersSoundboardTests/Info.plist;
				LD_RUNPATH_SEARCH_PATHS = "$(inherited) @executable_path/Frameworks @loader_path/Frameworks";
				PRODUCT_BUNDLE_IDENTIFIER = ShaneNoonan.AustinPowersSoundboardTests;
				PRODUCT_NAME = "$(TARGET_NAME)";
				SWIFT_VERSION = 3.0;
				TEST_HOST = "$(BUILT_PRODUCTS_DIR)/AustinPowersSoundboard.app/AustinPowersSoundboard";
			};
			name = Release;
		};
		E44F7E531DA55C1A008AE8EB /* Debug */ = {
			isa = XCBuildConfiguration;
			buildSettings = {
				ALWAYS_EMBED_SWIFT_STANDARD_LIBRARIES = YES;
				INFOPLIST_FILE = AustinPowersSoundboardUITests/Info.plist;
				LD_RUNPATH_SEARCH_PATHS = "$(inherited) @executable_path/Frameworks @loader_path/Frameworks";
				PRODUCT_BUNDLE_IDENTIFIER = ShaneNoonan.AustinPowersSoundboardUITests;
				PRODUCT_NAME = "$(TARGET_NAME)";
				SWIFT_VERSION = 3.0;
				TEST_TARGET_NAME = AustinPowersSoundboard;
			};
			name = Debug;
		};
		E44F7E541DA55C1A008AE8EB /* Release */ = {
			isa = XCBuildConfiguration;
			buildSettings = {
				ALWAYS_EMBED_SWIFT_STANDARD_LIBRARIES = YES;
				INFOPLIST_FILE = AustinPowersSoundboardUITests/Info.plist;
				LD_RUNPATH_SEARCH_PATHS = "$(inherited) @executable_path/Frameworks @loader_path/Frameworks";
				PRODUCT_BUNDLE_IDENTIFIER = ShaneNoonan.AustinPowersSoundboardUITests;
				PRODUCT_NAME = "$(TARGET_NAME)";
				SWIFT_VERSION = 3.0;
				TEST_TARGET_NAME = AustinPowersSoundboard;
			};
			name = Release;
		};
/* End XCBuildConfiguration section */

/* Begin XCConfigurationList section */
		E44F7E1F1DA55C19008AE8EB /* Build configuration list for PBXProject "AustinPowersSoundboard" */ = {
			isa = XCConfigurationList;
			buildConfigurations = (
				E44F7E4A1DA55C1A008AE8EB /* Debug */,
				E44F7E4B1DA55C1A008AE8EB /* Release */,
			);
			defaultConfigurationIsVisible = 0;
			defaultConfigurationName = Release;
		};
		E44F7E4C1DA55C1A008AE8EB /* Build configuration list for PBXNativeTarget "AustinPowersSoundboard" */ = {
			isa = XCConfigurationList;
			buildConfigurations = (
				E44F7E4D1DA55C1A008AE8EB /* Debug */,
				E44F7E4E1DA55C1A008AE8EB /* Release */,
			);
			defaultConfigurationIsVisible = 0;
			defaultConfigurationName = Release;
		};
		E44F7E4F1DA55C1A008AE8EB /* Build configuration list for PBXNativeTarget "AustinPowersSoundboardTests" */ = {
			isa = XCConfigurationList;
			buildConfigurations = (
				E44F7E501DA55C1A008AE8EB /* Debug */,
				E44F7E511DA55C1A008AE8EB /* Release */,
			);
			defaultConfigurationIsVisible = 0;
			defaultConfigurationName = Release;
		};
		E44F7E521DA55C1A008AE8EB /* Build configuration list for PBXNativeTarget "AustinPowersSoundboardUITests" */ = {
			isa = XCConfigurationList;
			buildConfigurations = (
				E44F7E531DA55C1A008AE8EB /* Debug */,
				E44F7E541DA55C1A008AE8EB /* Release */,
			);
			defaultConfigurationIsVisible = 0;
			defaultConfigurationName = Release;
		};
/* End XCConfigurationList section */
	};
	rootObject = E44F7E1C1DA55C19008AE8EB /* Project object */;
}
